
Microsoft Visual Studio Solution File, Format Version 12.00
# Visual Studio Version 17
VisualStudioVersion = 17.4.33213.308
MinimumVisualStudioVersion = 10.0.40219.1
Project("{FAE04EC0-301F-11D3-BF4B-00C04F79EFBC}") = "BackupOracleTables", "BackupOracleTables\BackupOracleTables.csproj", "{4989B31F-D150-4413-A3D6-40C94E01AAAD}"
EndProject
Global
	GlobalSection(SolutionConfigurationPlatforms) = preSolution
		Debug|Any CPU = Debug|Any CPU
		Release|Any CPU = Release|Any CPU
	EndGlobalSection
	GlobalSection(ProjectConfigurationPlatforms) = postSolution
		{4989B31F-D150-4413-A3D6-40C94E01AAAD}.Debug|Any CPU.ActiveCfg = Debug|Any CPU
		{4989B31F-D150-4413-A3D6-40C94E01AAAD}.Debug|Any CPU.Build.0 = Debug|Any CPU
		{4989B31F-D150-4413-A3D6-40C94E01AAAD}.Release|Any CPU.ActiveCfg = Release|Any CPU
		{4989B31F-D150-4413-A3D6-40C94E01AAAD}.Release|Any CPU.Build.0 = Release|Any CPU
	EndGlobalSection
	GlobalSection(SolutionProperties) = preSolution
		HideSolutionNode = FALSE
	EndGlobalSection
	GlobalSection(ExtensibilityGlobals) = postSolution
		SolutionGuid = {045EA5E9-1098-4526-AAE8-8270D1BC1B3F}
	EndGlobalSection
EndGlobal
